// !$*UTF8*$!
{
	archiveVersion = 1;
	classes = {
	};
	objectVersion = 46;
	objects = {

/* Begin PBXBuildFile section */
		3A10D98E18F2A44B00CEF1A9 /* LeagueGothic-Regular.otf in Resources */ = {isa = PBXBuildFile; fileRef = 3A10D98D18F2A44B00CEF1A9 /* LeagueGothic-Regular.otf */; };
		3A10D98F18F2A44B00CEF1A9 /* LeagueGothic-Regular.otf in Resources */ = {isa = PBXBuildFile; fileRef = 3A10D98D18F2A44B00CEF1A9 /* LeagueGothic-Regular.otf */; };
		3A1BDA70193CB2BC00066205 /* ReservationViewController.m in Sources */ = {isa = PBXBuildFile; fileRef = 3A1BDA6F193CB2BC00066205 /* ReservationViewController.m */; };
		3A3558FF1885AC6700C573CE /* Foundation.framework in Frameworks */ = {isa = PBXBuildFile; fileRef = 3A3558FE1885AC6700C573CE /* Foundation.framework */; };
		3A3559011885AC6700C573CE /* CoreGraphics.framework in Frameworks */ = {isa = PBXBuildFile; fileRef = 3A3559001885AC6700C573CE /* CoreGraphics.framework */; };
		3A3559031885AC6700C573CE /* UIKit.framework in Frameworks */ = {isa = PBXBuildFile; fileRef = 3A3559021885AC6700C573CE /* UIKit.framework */; };
		3A3559091885AC6700C573CE /* InfoPlist.strings in Resources */ = {isa = PBXBuildFile; fileRef = 3A3559071885AC6700C573CE /* InfoPlist.strings */; };
		3A35590B1885AC6700C573CE /* main.m in Sources */ = {isa = PBXBuildFile; fileRef = 3A35590A1885AC6700C573CE /* main.m */; };
		3A35590F1885AC6700C573CE /* AppDelegate.m in Sources */ = {isa = PBXBuildFile; fileRef = 3A35590E1885AC6700C573CE /* AppDelegate.m */; };
		3A35591E1885AC6700C573CE /* XCTest.framework in Frameworks */ = {isa = PBXBuildFile; fileRef = 3A35591D1885AC6700C573CE /* XCTest.framework */; };
		3A35591F1885AC6700C573CE /* Foundation.framework in Frameworks */ = {isa = PBXBuildFile; fileRef = 3A3558FE1885AC6700C573CE /* Foundation.framework */; };
		3A3559201885AC6700C573CE /* UIKit.framework in Frameworks */ = {isa = PBXBuildFile; fileRef = 3A3559021885AC6700C573CE /* UIKit.framework */; };
		3A35592A1885AC6700C573CE /* VBoatGestionTests.m in Sources */ = {isa = PBXBuildFile; fileRef = 3A3559291885AC6700C573CE /* VBoatGestionTests.m */; };
		3AF254F518E1B5E5004FB853 /* Images.xcassets in Resources */ = {isa = PBXBuildFile; fileRef = 3AF254F418E1B5E5004FB853 /* Images.xcassets */; };
		870A36A2193F251F0018F144 /* PrixCollectionViewCell.m in Sources */ = {isa = PBXBuildFile; fileRef = 870A369F193F251F0018F144 /* PrixCollectionViewCell.m */; };
		870A36A3193F251F0018F144 /* PrixViewController.m in Sources */ = {isa = PBXBuildFile; fileRef = 870A36A1193F251F0018F144 /* PrixViewController.m */; };
		870A36A6193F5E590018F144 /* GrillePrix.m in Sources */ = {isa = PBXBuildFile; fileRef = 870A36A5193F5E590018F144 /* GrillePrix.m */; };
		870A36A9193F5E590018F144 /* Paddle.m in Sources */ = {isa = PBXBuildFile; fileRef = 870A36A8193F5E590018F144 /* Paddle.m */; };
		870A36AC193F5E590018F144 /* Prix.m in Sources */ = {isa = PBXBuildFile; fileRef = 870A36AB193F5E590018F144 /* Prix.m */; };
		870A36B5193F5E590018F144 /* PedaloPlaces.m in Sources */ = {isa = PBXBuildFile; fileRef = 870A36B4193F5E590018F144 /* PedaloPlaces.m */; };
		870A36B8193F5E590018F144 /* Pedalo.m in Sources */ = {isa = PBXBuildFile; fileRef = 870A36B7193F5E590018F144 /* Pedalo.m */; };
		870A36BB193F5E590018F144 /* Bateau.m in Sources */ = {isa = PBXBuildFile; fileRef = 870A36BA193F5E590018F144 /* Bateau.m */; };
		870A36BE193F5E5A0018F144 /* Embarcation.m in Sources */ = {isa = PBXBuildFile; fileRef = 870A36BD193F5E5A0018F144 /* Embarcation.m */; };
		870A36C1193F5E5A0018F144 /* Location.m in Sources */ = {isa = PBXBuildFile; fileRef = 870A36C0193F5E5A0018F144 /* Location.m */; };
		870A36C7193F5EF20018F144 /* LocationPedaloPlaces.m in Sources */ = {isa = PBXBuildFile; fileRef = 870A36C6193F5EF20018F144 /* LocationPedaloPlaces.m */; };
		870A36CA193F72490018F144 /* TypePaddle.m in Sources */ = {isa = PBXBuildFile; fileRef = 870A36C9193F72490018F144 /* TypePaddle.m */; };
		870A36D0193F724A0018F144 /* TypePedalo.m in Sources */ = {isa = PBXBuildFile; fileRef = 870A36CF193F724A0018F144 /* TypePedalo.m */; };
		870A36D3193F724A0018F144 /* TypePedaloPlaces.m in Sources */ = {isa = PBXBuildFile; fileRef = 870A36D2193F724A0018F144 /* TypePedaloPlaces.m */; };
		870A36D6193F724A0018F144 /* TypeBateau.m in Sources */ = {isa = PBXBuildFile; fileRef = 870A36D5193F724A0018F144 /* TypeBateau.m */; };
		873D4528193DD1E400E64D2A /* FlotteCollectionViewCell.h.m in Sources */ = {isa = PBXBuildFile; fileRef = 873D4525193DD1E400E64D2A /* FlotteCollectionViewCell.h.m */; };
		873D4529193DD1E400E64D2A /* FlotteModalEmbarcation.m in Sources */ = {isa = PBXBuildFile; fileRef = 873D4527193DD1E400E64D2A /* FlotteModalEmbarcation.m */; };
		873D452C193DD1F300E64D2A /* FlotteViewController.m in Sources */ = {isa = PBXBuildFile; fileRef = 873D452B193DD1F300E64D2A /* FlotteViewController.m */; };
		873EADB718E96FB10053FB9D /* Facture.m in Sources */ = {isa = PBXBuildFile; fileRef = 873EADB618E96FB10053FB9D /* Facture.m */; };
		873EADC318E9BA790053FB9D /* ActiviteViewController.m in Sources */ = {isa = PBXBuildFile; fileRef = 873EADC218E9BA790053FB9D /* ActiviteViewController.m */; };
		8754DAB7194E4EC500119D4B /* AdminViewController.m in Sources */ = {isa = PBXBuildFile; fileRef = 8754DAB6194E4EC500119D4B /* AdminViewController.m */; };
		8754DABA194F9A0500119D4B /* AdminJourneeTableTableViewController.m in Sources */ = {isa = PBXBuildFile; fileRef = 8754DAB9194F9A0500119D4B /* AdminJourneeTableTableViewController.m */; };
		8754DABD194F9A5300119D4B /* AdminJourneeTableViewCell.m in Sources */ = {isa = PBXBuildFile; fileRef = 8754DABC194F9A5300119D4B /* AdminJourneeTableViewCell.m */; };
		8758073D194AFACF00D2ECDB /* PrixCollectionHeader.m in Sources */ = {isa = PBXBuildFile; fileRef = 8758073C194AFACF00D2ECDB /* PrixCollectionHeader.m */; };
		8794B44018EC4FAC00217F47 /* ActiviteCollectionViewCell.m in Sources */ = {isa = PBXBuildFile; fileRef = 8794B43F18EC4FAC00217F47 /* ActiviteCollectionViewCell.m */; };
		8794B44318EC58E700217F47 /* ActiviteModalEmbarcation.m in Sources */ = {isa = PBXBuildFile; fileRef = 8794B44218EC58E700217F47 /* ActiviteModalEmbarcation.m */; };
		87AD69DA18E9674900C9165D /* Paiement.m in Sources */ = {isa = PBXBuildFile; fileRef = 87AD69D918E9674900C9165D /* Paiement.m */; };
		87AD69E618E9674A00C9165D /* Flotte.m in Sources */ = {isa = PBXBuildFile; fileRef = 87AD69E518E9674A00C9165D /* Flotte.m */; };
		87AD69E918E9674A00C9165D /* Journee.m in Sources */ = {isa = PBXBuildFile; fileRef = 87AD69E818E9674A00C9165D /* Journee.m */; };
		87AD69EF18E9674A00C9165D /* Saison.m in Sources */ = {isa = PBXBuildFile; fileRef = 87AD69EE18E9674A00C9165D /* Saison.m */; };
		87C9534E18F2A22F00793634 /* FacturationTableViewController.m in Sources */ = {isa = PBXBuildFile; fileRef = 87C9534D18F2A22F00793634 /* FacturationTableViewController.m */; };
		87C9535118F2A4C300793634 /* FacturationTableViewCell.m in Sources */ = {isa = PBXBuildFile; fileRef = 87C9535018F2A4C300793634 /* FacturationTableViewCell.m */; };
		87C9535418F2A86700793634 /* FacturationDetailsViewController.m in Sources */ = {isa = PBXBuildFile; fileRef = 87C9535318F2A86700793634 /* FacturationDetailsViewController.m */; };
		87C9535818F2AFEF00793634 /* FacturationSplitViewController.m in Sources */ = {isa = PBXBuildFile; fileRef = 87C9535718F2AFEF00793634 /* FacturationSplitViewController.m */; };
		87C9536118F2F4CB00793634 /* FacturationTableViewLocationCell.m in Sources */ = {isa = PBXBuildFile; fileRef = 87C9536018F2F4CB00793634 /* FacturationTableViewLocationCell.m */; };
		87DED305194B1B850041FA14 /* Type.m in Sources */ = {isa = PBXBuildFile; fileRef = 87DED304194B1B850041FA14 /* Type.m */; };
		87E6B4A518F4485B004CCE65 /* Main.storyboard in Resources */ = {isa = PBXBuildFile; fileRef = 87E6B4A318F4485B004CCE65 /* Main.storyboard */; };
		87F2DA051953151200739179 /* ComptaViewController.m in Sources */ = {isa = PBXBuildFile; fileRef = 87F2DA041953151200739179 /* ComptaViewController.m */; };
		87F2DA081953472C00739179 /* ComptaTableViewCell.m in Sources */ = {isa = PBXBuildFile; fileRef = 87F2DA071953472C00739179 /* ComptaTableViewCell.m */; };
		87F3EBE218E466F800FF09C2 /* CoreData.framework in Frameworks */ = {isa = PBXBuildFile; fileRef = 87F3EBE118E466F800FF09C2 /* CoreData.framework */; };
		87F3EBE818E4688600FF09C2 /* VboatCoreData.xcdatamodeld in Sources */ = {isa = PBXBuildFile; fileRef = 87F3EBE618E4688600FF09C2 /* VboatCoreData.xcdatamodeld */; };
/* End PBXBuildFile section */

/* Begin PBXContainerItemProxy section */
		3A3559211885AC6700C573CE /* PBXContainerItemProxy */ = {
			isa = PBXContainerItemProxy;
			containerPortal = 3A3558F31885AC6700C573CE /* Project object */;
			proxyType = 1;
			remoteGlobalIDString = 3A3558FA1885AC6700C573CE;
			remoteInfo = VBoatGestion;
		};
/* End PBXContainerItemProxy section */

/* Begin PBXFileReference section */
		3A10D98D18F2A44B00CEF1A9 /* LeagueGothic-Regular.otf */ = {isa = PBXFileReference; lastKnownFileType = file; path = "LeagueGothic-Regular.otf"; sourceTree = "<group>"; };
		3A1BDA6E193CB2BC00066205 /* ReservationViewController.h */ = {isa = PBXFileReference; fileEncoding = 4; lastKnownFileType = sourcecode.c.h; path = ReservationViewController.h; sourceTree = "<group>"; };
		3A1BDA6F193CB2BC00066205 /* ReservationViewController.m */ = {isa = PBXFileReference; fileEncoding = 4; lastKnownFileType = sourcecode.c.objc; path = ReservationViewController.m; sourceTree = "<group>"; };
		3A3558FB1885AC6700C573CE /* VBoatGestion.app */ = {isa = PBXFileReference; explicitFileType = wrapper.application; includeInIndex = 0; path = VBoatGestion.app; sourceTree = BUILT_PRODUCTS_DIR; };
		3A3558FE1885AC6700C573CE /* Foundation.framework */ = {isa = PBXFileReference; lastKnownFileType = wrapper.framework; name = Foundation.framework; path = System/Library/Frameworks/Foundation.framework; sourceTree = SDKROOT; };
		3A3559001885AC6700C573CE /* CoreGraphics.framework */ = {isa = PBXFileReference; lastKnownFileType = wrapper.framework; name = CoreGraphics.framework; path = System/Library/Frameworks/CoreGraphics.framework; sourceTree = SDKROOT; };
		3A3559021885AC6700C573CE /* UIKit.framework */ = {isa = PBXFileReference; lastKnownFileType = wrapper.framework; name = UIKit.framework; path = System/Library/Frameworks/UIKit.framework; sourceTree = SDKROOT; };
		3A3559061885AC6700C573CE /* VBoatGestion-Info.plist */ = {isa = PBXFileReference; lastKnownFileType = text.plist.xml; path = "VBoatGestion-Info.plist"; sourceTree = "<group>"; };
		3A35590A1885AC6700C573CE /* main.m */ = {isa = PBXFileReference; lastKnownFileType = sourcecode.c.objc; path = main.m; sourceTree = "<group>"; };
		3A35590C1885AC6700C573CE /* VBoatGestion-Prefix.pch */ = {isa = PBXFileReference; lastKnownFileType = sourcecode.c.h; path = "VBoatGestion-Prefix.pch"; sourceTree = "<group>"; };
		3A35590D1885AC6700C573CE /* AppDelegate.h */ = {isa = PBXFileReference; lastKnownFileType = sourcecode.c.h; path = AppDelegate.h; sourceTree = "<group>"; };
		3A35590E1885AC6700C573CE /* AppDelegate.m */ = {isa = PBXFileReference; lastKnownFileType = sourcecode.c.objc; path = AppDelegate.m; sourceTree = "<group>"; };
		3A35591C1885AC6700C573CE /* VBoatGestionTests.xctest */ = {isa = PBXFileReference; explicitFileType = wrapper.cfbundle; includeInIndex = 0; path = VBoatGestionTests.xctest; sourceTree = BUILT_PRODUCTS_DIR; };
		3A35591D1885AC6700C573CE /* XCTest.framework */ = {isa = PBXFileReference; lastKnownFileType = wrapper.framework; name = XCTest.framework; path = Library/Frameworks/XCTest.framework; sourceTree = DEVELOPER_DIR; };
		3A3559251885AC6700C573CE /* VBoatGestionTests-Info.plist */ = {isa = PBXFileReference; lastKnownFileType = text.plist.xml; path = "VBoatGestionTests-Info.plist"; sourceTree = "<group>"; };
		3A3559291885AC6700C573CE /* VBoatGestionTests.m */ = {isa = PBXFileReference; lastKnownFileType = sourcecode.c.objc; path = VBoatGestionTests.m; sourceTree = "<group>"; };
		3AF254F418E1B5E5004FB853 /* Images.xcassets */ = {isa = PBXFileReference; lastKnownFileType = folder.assetcatalog; path = Images.xcassets; sourceTree = "<group>"; };
		870A369E193F251F0018F144 /* PrixCollectionViewCell.h */ = {isa = PBXFileReference; fileEncoding = 4; lastKnownFileType = sourcecode.c.h; path = PrixCollectionViewCell.h; sourceTree = "<group>"; };
		870A369F193F251F0018F144 /* PrixCollectionViewCell.m */ = {isa = PBXFileReference; fileEncoding = 4; lastKnownFileType = sourcecode.c.objc; path = PrixCollectionViewCell.m; sourceTree = "<group>"; };
		870A36A0193F251F0018F144 /* PrixViewController.h */ = {isa = PBXFileReference; fileEncoding = 4; lastKnownFileType = sourcecode.c.h; path = PrixViewController.h; sourceTree = "<group>"; };
		870A36A1193F251F0018F144 /* PrixViewController.m */ = {isa = PBXFileReference; fileEncoding = 4; lastKnownFileType = sourcecode.c.objc; path = PrixViewController.m; sourceTree = "<group>"; };
		870A36A4193F5E590018F144 /* GrillePrix.h */ = {isa = PBXFileReference; fileEncoding = 4; lastKnownFileType = sourcecode.c.h; path = GrillePrix.h; sourceTree = "<group>"; };
		870A36A5193F5E590018F144 /* GrillePrix.m */ = {isa = PBXFileReference; fileEncoding = 4; lastKnownFileType = sourcecode.c.objc; path = GrillePrix.m; sourceTree = "<group>"; };
		870A36A7193F5E590018F144 /* Paddle.h */ = {isa = PBXFileReference; fileEncoding = 4; lastKnownFileType = sourcecode.c.h; path = Paddle.h; sourceTree = "<group>"; };
		870A36A8193F5E590018F144 /* Paddle.m */ = {isa = PBXFileReference; fileEncoding = 4; lastKnownFileType = sourcecode.c.objc; path = Paddle.m; sourceTree = "<group>"; };
		870A36AA193F5E590018F144 /* Prix.h */ = {isa = PBXFileReference; fileEncoding = 4; lastKnownFileType = sourcecode.c.h; path = Prix.h; sourceTree = "<group>"; };
		870A36AB193F5E590018F144 /* Prix.m */ = {isa = PBXFileReference; fileEncoding = 4; lastKnownFileType = sourcecode.c.objc; path = Prix.m; sourceTree = "<group>"; };
		870A36B3193F5E590018F144 /* PedaloPlaces.h */ = {isa = PBXFileReference; fileEncoding = 4; lastKnownFileType = sourcecode.c.h; path = PedaloPlaces.h; sourceTree = "<group>"; };
		870A36B4193F5E590018F144 /* PedaloPlaces.m */ = {isa = PBXFileReference; fileEncoding = 4; lastKnownFileType = sourcecode.c.objc; path = PedaloPlaces.m; sourceTree = "<group>"; };
		870A36B6193F5E590018F144 /* Pedalo.h */ = {isa = PBXFileReference; fileEncoding = 4; lastKnownFileType = sourcecode.c.h; path = Pedalo.h; sourceTree = "<group>"; };
		870A36B7193F5E590018F144 /* Pedalo.m */ = {isa = PBXFileReference; fileEncoding = 4; lastKnownFileType = sourcecode.c.objc; path = Pedalo.m; sourceTree = "<group>"; };
		870A36B9193F5E590018F144 /* Bateau.h */ = {isa = PBXFileReference; fileEncoding = 4; lastKnownFileType = sourcecode.c.h; path = Bateau.h; sourceTree = "<group>"; };
		870A36BA193F5E590018F144 /* Bateau.m */ = {isa = PBXFileReference; fileEncoding = 4; lastKnownFileType = sourcecode.c.objc; path = Bateau.m; sourceTree = "<group>"; };
		870A36BC193F5E5A0018F144 /* Embarcation.h */ = {isa = PBXFileReference; fileEncoding = 4; lastKnownFileType = sourcecode.c.h; path = Embarcation.h; sourceTree = "<group>"; };
		870A36BD193F5E5A0018F144 /* Embarcation.m */ = {isa = PBXFileReference; fileEncoding = 4; lastKnownFileType = sourcecode.c.objc; path = Embarcation.m; sourceTree = "<group>"; };
		870A36BF193F5E5A0018F144 /* Location.h */ = {isa = PBXFileReference; fileEncoding = 4; lastKnownFileType = sourcecode.c.h; path = Location.h; sourceTree = "<group>"; };
		870A36C0193F5E5A0018F144 /* Location.m */ = {isa = PBXFileReference; fileEncoding = 4; lastKnownFileType = sourcecode.c.objc; path = Location.m; sourceTree = "<group>"; };
		870A36C5193F5EF20018F144 /* LocationPedaloPlaces.h */ = {isa = PBXFileReference; fileEncoding = 4; lastKnownFileType = sourcecode.c.h; path = LocationPedaloPlaces.h; sourceTree = SOURCE_ROOT; };
		870A36C6193F5EF20018F144 /* LocationPedaloPlaces.m */ = {isa = PBXFileReference; fileEncoding = 4; lastKnownFileType = sourcecode.c.objc; path = LocationPedaloPlaces.m; sourceTree = SOURCE_ROOT; };
		870A36C8193F72490018F144 /* TypePaddle.h */ = {isa = PBXFileReference; fileEncoding = 4; lastKnownFileType = sourcecode.c.h; path = TypePaddle.h; sourceTree = "<group>"; };
		870A36C9193F72490018F144 /* TypePaddle.m */ = {isa = PBXFileReference; fileEncoding = 4; lastKnownFileType = sourcecode.c.objc; path = TypePaddle.m; sourceTree = "<group>"; };
		870A36CE193F724A0018F144 /* TypePedalo.h */ = {isa = PBXFileReference; fileEncoding = 4; lastKnownFileType = sourcecode.c.h; path = TypePedalo.h; sourceTree = "<group>"; };
		870A36CF193F724A0018F144 /* TypePedalo.m */ = {isa = PBXFileReference; fileEncoding = 4; lastKnownFileType = sourcecode.c.objc; path = TypePedalo.m; sourceTree = "<group>"; };
		870A36D1193F724A0018F144 /* TypePedaloPlaces.h */ = {isa = PBXFileReference; fileEncoding = 4; lastKnownFileType = sourcecode.c.h; path = TypePedaloPlaces.h; sourceTree = "<group>"; };
		870A36D2193F724A0018F144 /* TypePedaloPlaces.m */ = {isa = PBXFileReference; fileEncoding = 4; lastKnownFileType = sourcecode.c.objc; path = TypePedaloPlaces.m; sourceTree = "<group>"; };
		870A36D4193F724A0018F144 /* TypeBateau.h */ = {isa = PBXFileReference; fileEncoding = 4; lastKnownFileType = sourcecode.c.h; path = TypeBateau.h; sourceTree = "<group>"; };
		870A36D5193F724A0018F144 /* TypeBateau.m */ = {isa = PBXFileReference; fileEncoding = 4; lastKnownFileType = sourcecode.c.objc; path = TypeBateau.m; sourceTree = "<group>"; };
		873D4522193DC79300E64D2A /* en */ = {isa = PBXFileReference; lastKnownFileType = file.storyboard; name = en; path = en.lproj/Main.storyboard; sourceTree = "<group>"; };
		873D4523193DC79300E64D2A /* en */ = {isa = PBXFileReference; lastKnownFileType = text.plist.strings; name = en; path = en.lproj/InfoPlist.strings; sourceTree = "<group>"; };
		873D4524193DD1E400E64D2A /* FlotteCollectionViewCell.h */ = {isa = PBXFileReference; fileEncoding = 4; lastKnownFileType = sourcecode.c.h; path = FlotteCollectionViewCell.h; sourceTree = "<group>"; };
		873D4525193DD1E400E64D2A /* FlotteCollectionViewCell.h.m */ = {isa = PBXFileReference; fileEncoding = 4; lastKnownFileType = sourcecode.c.objc; path = FlotteCollectionViewCell.h.m; sourceTree = "<group>"; };
		873D4526193DD1E400E64D2A /* FlotteModalEmbarcation.h */ = {isa = PBXFileReference; fileEncoding = 4; lastKnownFileType = sourcecode.c.h; path = FlotteModalEmbarcation.h; sourceTree = "<group>"; };
		873D4527193DD1E400E64D2A /* FlotteModalEmbarcation.m */ = {isa = PBXFileReference; fileEncoding = 4; lastKnownFileType = sourcecode.c.objc; path = FlotteModalEmbarcation.m; sourceTree = "<group>"; };
		873D452A193DD1F300E64D2A /* FlotteViewController.h */ = {isa = PBXFileReference; fileEncoding = 4; lastKnownFileType = sourcecode.c.h; path = FlotteViewController.h; sourceTree = "<group>"; };
		873D452B193DD1F300E64D2A /* FlotteViewController.m */ = {isa = PBXFileReference; fileEncoding = 4; lastKnownFileType = sourcecode.c.objc; path = FlotteViewController.m; sourceTree = "<group>"; };
		873EADB518E96FB10053FB9D /* Facture.h */ = {isa = PBXFileReference; fileEncoding = 4; lastKnownFileType = sourcecode.c.h; path = Facture.h; sourceTree = SOURCE_ROOT; };
		873EADB618E96FB10053FB9D /* Facture.m */ = {isa = PBXFileReference; fileEncoding = 4; lastKnownFileType = sourcecode.c.objc; path = Facture.m; sourceTree = SOURCE_ROOT; };
		873EADC118E9BA790053FB9D /* ActiviteViewController.h */ = {isa = PBXFileReference; fileEncoding = 4; lastKnownFileType = sourcecode.c.h; name = ActiviteViewController.h; path = ../ActiviteViewController.h; sourceTree = "<group>"; };
		873EADC218E9BA790053FB9D /* ActiviteViewController.m */ = {isa = PBXFileReference; fileEncoding = 4; lastKnownFileType = sourcecode.c.objc; name = ActiviteViewController.m; path = ../ActiviteViewController.m; sourceTree = "<group>"; };
		8754DAB5194E4EC500119D4B /* AdminViewController.h */ = {isa = PBXFileReference; fileEncoding = 4; lastKnownFileType = sourcecode.c.h; path = AdminViewController.h; sourceTree = "<group>"; };
		8754DAB6194E4EC500119D4B /* AdminViewController.m */ = {isa = PBXFileReference; fileEncoding = 4; lastKnownFileType = sourcecode.c.objc; path = AdminViewController.m; sourceTree = "<group>"; };
		8754DAB8194F9A0500119D4B /* AdminJourneeTableTableViewController.h */ = {isa = PBXFileReference; fileEncoding = 4; lastKnownFileType = sourcecode.c.h; path = AdminJourneeTableTableViewController.h; sourceTree = "<group>"; };
		8754DAB9194F9A0500119D4B /* AdminJourneeTableTableViewController.m */ = {isa = PBXFileReference; fileEncoding = 4; lastKnownFileType = sourcecode.c.objc; path = AdminJourneeTableTableViewController.m; sourceTree = "<group>"; };
		8754DABB194F9A5300119D4B /* AdminJourneeTableViewCell.h */ = {isa = PBXFileReference; fileEncoding = 4; lastKnownFileType = sourcecode.c.h; path = AdminJourneeTableViewCell.h; sourceTree = "<group>"; };
		8754DABC194F9A5300119D4B /* AdminJourneeTableViewCell.m */ = {isa = PBXFileReference; fileEncoding = 4; lastKnownFileType = sourcecode.c.objc; path = AdminJourneeTableViewCell.m; sourceTree = "<group>"; };
		8758073B194AFACF00D2ECDB /* PrixCollectionHeader.h */ = {isa = PBXFileReference; fileEncoding = 4; lastKnownFileType = sourcecode.c.h; path = PrixCollectionHeader.h; sourceTree = "<group>"; };
		8758073C194AFACF00D2ECDB /* PrixCollectionHeader.m */ = {isa = PBXFileReference; fileEncoding = 4; lastKnownFileType = sourcecode.c.objc; path = PrixCollectionHeader.m; sourceTree = "<group>"; };
		8794B43E18EC4FAC00217F47 /* ActiviteCollectionViewCell.h */ = {isa = PBXFileReference; fileEncoding = 4; lastKnownFileType = sourcecode.c.h; path = ActiviteCollectionViewCell.h; sourceTree = "<group>"; };
		8794B43F18EC4FAC00217F47 /* ActiviteCollectionViewCell.m */ = {isa = PBXFileReference; fileEncoding = 4; lastKnownFileType = sourcecode.c.objc; path = ActiviteCollectionViewCell.m; sourceTree = "<group>"; };
		8794B44118EC58E700217F47 /* ActiviteModalEmbarcation.h */ = {isa = PBXFileReference; fileEncoding = 4; lastKnownFileType = sourcecode.c.h; path = ActiviteModalEmbarcation.h; sourceTree = "<group>"; };
		8794B44218EC58E700217F47 /* ActiviteModalEmbarcation.m */ = {isa = PBXFileReference; fileEncoding = 4; lastKnownFileType = sourcecode.c.objc; path = ActiviteModalEmbarcation.m; sourceTree = "<group>"; };
		87AD69D818E9674900C9165D /* Paiement.h */ = {isa = PBXFileReference; fileEncoding = 4; lastKnownFileType = sourcecode.c.h; path = Paiement.h; sourceTree = "<group>"; };
		87AD69D918E9674900C9165D /* Paiement.m */ = {isa = PBXFileReference; fileEncoding = 4; lastKnownFileType = sourcecode.c.objc; path = Paiement.m; sourceTree = "<group>"; };
		87AD69E418E9674A00C9165D /* Flotte.h */ = {isa = PBXFileReference; fileEncoding = 4; lastKnownFileType = sourcecode.c.h; path = Flotte.h; sourceTree = "<group>"; };
		87AD69E518E9674A00C9165D /* Flotte.m */ = {isa = PBXFileReference; fileEncoding = 4; lastKnownFileType = sourcecode.c.objc; path = Flotte.m; sourceTree = "<group>"; };
		87AD69E718E9674A00C9165D /* Journee.h */ = {isa = PBXFileReference; fileEncoding = 4; lastKnownFileType = sourcecode.c.h; path = Journee.h; sourceTree = "<group>"; };
		87AD69E818E9674A00C9165D /* Journee.m */ = {isa = PBXFileReference; fileEncoding = 4; lastKnownFileType = sourcecode.c.objc; path = Journee.m; sourceTree = "<group>"; };
		87AD69ED18E9674A00C9165D /* Saison.h */ = {isa = PBXFileReference; fileEncoding = 4; lastKnownFileType = sourcecode.c.h; path = Saison.h; sourceTree = SOURCE_ROOT; };
		87AD69EE18E9674A00C9165D /* Saison.m */ = {isa = PBXFileReference; fileEncoding = 4; lastKnownFileType = sourcecode.c.objc; path = Saison.m; sourceTree = SOURCE_ROOT; };
		87C9534C18F2A22F00793634 /* FacturationTableViewController.h */ = {isa = PBXFileReference; fileEncoding = 4; lastKnownFileType = sourcecode.c.h; name = FacturationTableViewController.h; path = ../FacturationTableViewController.h; sourceTree = "<group>"; };
		87C9534D18F2A22F00793634 /* FacturationTableViewController.m */ = {isa = PBXFileReference; fileEncoding = 4; lastKnownFileType = sourcecode.c.objc; name = FacturationTableViewController.m; path = ../FacturationTableViewController.m; sourceTree = "<group>"; };
		87C9534F18F2A4C300793634 /* FacturationTableViewCell.h */ = {isa = PBXFileReference; fileEncoding = 4; lastKnownFileType = sourcecode.c.h; path = FacturationTableViewCell.h; sourceTree = "<group>"; };
		87C9535018F2A4C300793634 /* FacturationTableViewCell.m */ = {isa = PBXFileReference; fileEncoding = 4; lastKnownFileType = sourcecode.c.objc; path = FacturationTableViewCell.m; sourceTree = "<group>"; };
		87C9535218F2A86700793634 /* FacturationDetailsViewController.h */ = {isa = PBXFileReference; fileEncoding = 4; lastKnownFileType = sourcecode.c.h; path = FacturationDetailsViewController.h; sourceTree = "<group>"; };
		87C9535318F2A86700793634 /* FacturationDetailsViewController.m */ = {isa = PBXFileReference; fileEncoding = 4; lastKnownFileType = sourcecode.c.objc; path = FacturationDetailsViewController.m; sourceTree = "<group>"; };
		87C9535518F2AA6800793634 /* FacturationSelectionDelegate.h */ = {isa = PBXFileReference; lastKnownFileType = sourcecode.c.h; path = FacturationSelectionDelegate.h; sourceTree = "<group>"; };
		87C9535618F2AFEF00793634 /* FacturationSplitViewController.h */ = {isa = PBXFileReference; fileEncoding = 4; lastKnownFileType = sourcecode.c.h; path = FacturationSplitViewController.h; sourceTree = "<group>"; };
		87C9535718F2AFEF00793634 /* FacturationSplitViewController.m */ = {isa = PBXFileReference; fileEncoding = 4; lastKnownFileType = sourcecode.c.objc; path = FacturationSplitViewController.m; sourceTree = "<group>"; };
		87C9535F18F2F4CB00793634 /* FacturationTableViewLocationCell.h */ = {isa = PBXFileReference; fileEncoding = 4; lastKnownFileType = sourcecode.c.h; path = FacturationTableViewLocationCell.h; sourceTree = "<group>"; };
		87C9536018F2F4CB00793634 /* FacturationTableViewLocationCell.m */ = {isa = PBXFileReference; fileEncoding = 4; lastKnownFileType = sourcecode.c.objc; path = FacturationTableViewLocationCell.m; sourceTree = "<group>"; };
		87DED303194B1B850041FA14 /* Type.h */ = {isa = PBXFileReference; fileEncoding = 4; lastKnownFileType = sourcecode.c.h; path = Type.h; sourceTree = "<group>"; };
		87DED304194B1B850041FA14 /* Type.m */ = {isa = PBXFileReference; fileEncoding = 4; lastKnownFileType = sourcecode.c.objc; path = Type.m; sourceTree = "<group>"; };
		87F2DA031953151200739179 /* ComptaViewController.h */ = {isa = PBXFileReference; fileEncoding = 4; lastKnownFileType = sourcecode.c.h; path = ComptaViewController.h; sourceTree = "<group>"; };
		87F2DA041953151200739179 /* ComptaViewController.m */ = {isa = PBXFileReference; fileEncoding = 4; lastKnownFileType = sourcecode.c.objc; path = ComptaViewController.m; sourceTree = "<group>"; };
		87F2DA061953472C00739179 /* ComptaTableViewCell.h */ = {isa = PBXFileReference; fileEncoding = 4; lastKnownFileType = sourcecode.c.h; path = ComptaTableViewCell.h; sourceTree = "<group>"; };
		87F2DA071953472C00739179 /* ComptaTableViewCell.m */ = {isa = PBXFileReference; fileEncoding = 4; lastKnownFileType = sourcecode.c.objc; path = ComptaTableViewCell.m; sourceTree = "<group>"; };
		87F3EBE118E466F800FF09C2 /* CoreData.framework */ = {isa = PBXFileReference; lastKnownFileType = wrapper.framework; name = CoreData.framework; path = System/Library/Frameworks/CoreData.framework; sourceTree = SDKROOT; };
		87F3EBE718E4688600FF09C2 /* VboatCoreData.xcdatamodel */ = {isa = PBXFileReference; lastKnownFileType = wrapper.xcdatamodel; path = VboatCoreData.xcdatamodel; sourceTree = "<group>"; };
/* End PBXFileReference section */

/* Begin PBXFrameworksBuildPhase section */
		3A3558F81885AC6700C573CE /* Frameworks */ = {
			isa = PBXFrameworksBuildPhase;
			buildActionMask = 2147483647;
			files = (
				87F3EBE218E466F800FF09C2 /* CoreData.framework in Frameworks */,
				3A3559011885AC6700C573CE /* CoreGraphics.framework in Frameworks */,
				3A3559031885AC6700C573CE /* UIKit.framework in Frameworks */,
				3A3558FF1885AC6700C573CE /* Foundation.framework in Frameworks */,
			);
			runOnlyForDeploymentPostprocessing = 0;
		};
		3A3559191885AC6700C573CE /* Frameworks */ = {
			isa = PBXFrameworksBuildPhase;
			buildActionMask = 2147483647;
			files = (
				3A35591E1885AC6700C573CE /* XCTest.framework in Frameworks */,
				3A3559201885AC6700C573CE /* UIKit.framework in Frameworks */,
				3A35591F1885AC6700C573CE /* Foundation.framework in Frameworks */,
			);
			runOnlyForDeploymentPostprocessing = 0;
		};
/* End PBXFrameworksBuildPhase section */

/* Begin PBXGroup section */
		3A10D98C18F2A3F300CEF1A9 /* Resources */ = {
			isa = PBXGroup;
			children = (
				3A10D98D18F2A44B00CEF1A9 /* LeagueGothic-Regular.otf */,
			);
			name = Resources;
			sourceTree = "<group>";
		};
		3A3558F21885AC6700C573CE = {
			isa = PBXGroup;
			children = (
				3A3559041885AC6700C573CE /* VBoatGestion */,
				3A3559231885AC6700C573CE /* VBoatGestionTests */,
				3A3558FD1885AC6700C573CE /* Frameworks */,
				3A3558FC1885AC6700C573CE /* Products */,
			);
			sourceTree = "<group>";
		};
		3A3558FC1885AC6700C573CE /* Products */ = {
			isa = PBXGroup;
			children = (
				3A3558FB1885AC6700C573CE /* VBoatGestion.app */,
				3A35591C1885AC6700C573CE /* VBoatGestionTests.xctest */,
			);
			name = Products;
			sourceTree = "<group>";
		};
		3A3558FD1885AC6700C573CE /* Frameworks */ = {
			isa = PBXGroup;
			children = (
				87F3EBE118E466F800FF09C2 /* CoreData.framework */,
				3A3558FE1885AC6700C573CE /* Foundation.framework */,
				3A3559001885AC6700C573CE /* CoreGraphics.framework */,
				3A3559021885AC6700C573CE /* UIKit.framework */,
				3A35591D1885AC6700C573CE /* XCTest.framework */,
			);
			name = Frameworks;
			sourceTree = "<group>";
		};
		3A3559041885AC6700C573CE /* VBoatGestion */ = {
			isa = PBXGroup;
			children = (
				3A35590D1885AC6700C573CE /* AppDelegate.h */,
				3A35590E1885AC6700C573CE /* AppDelegate.m */,
				87E6B4A318F4485B004CCE65 /* Main.storyboard */,
				87F2DA031953151200739179 /* ComptaViewController.h */,
				87F2DA041953151200739179 /* ComptaViewController.m */,
				87F2DA061953472C00739179 /* ComptaTableViewCell.h */,
				87F2DA071953472C00739179 /* ComptaTableViewCell.m */,
				8754DABB194F9A5300119D4B /* AdminJourneeTableViewCell.h */,
				8754DABC194F9A5300119D4B /* AdminJourneeTableViewCell.m */,
				8754DAB8194F9A0500119D4B /* AdminJourneeTableTableViewController.h */,
				8754DAB9194F9A0500119D4B /* AdminJourneeTableTableViewController.m */,
				8754DAB5194E4EC500119D4B /* AdminViewController.h */,
				8754DAB6194E4EC500119D4B /* AdminViewController.m */,
				873EADC118E9BA790053FB9D /* ActiviteViewController.h */,
				873EADC218E9BA790053FB9D /* ActiviteViewController.m */,
				8794B43E18EC4FAC00217F47 /* ActiviteCollectionViewCell.h */,
				8794B43F18EC4FAC00217F47 /* ActiviteCollectionViewCell.m */,
				8794B44118EC58E700217F47 /* ActiviteModalEmbarcation.h */,
				8794B44218EC58E700217F47 /* ActiviteModalEmbarcation.m */,
				873D452A193DD1F300E64D2A /* FlotteViewController.h */,
				873D452B193DD1F300E64D2A /* FlotteViewController.m */,
				873D4524193DD1E400E64D2A /* FlotteCollectionViewCell.h */,
				873D4525193DD1E400E64D2A /* FlotteCollectionViewCell.h.m */,
				873D4526193DD1E400E64D2A /* FlotteModalEmbarcation.h */,
				873D4527193DD1E400E64D2A /* FlotteModalEmbarcation.m */,
				870A36A0193F251F0018F144 /* PrixViewController.h */,
				870A36A1193F251F0018F144 /* PrixViewController.m */,
				870A369E193F251F0018F144 /* PrixCollectionViewCell.h */,
				870A369F193F251F0018F144 /* PrixCollectionViewCell.m */,
				8758073B194AFACF00D2ECDB /* PrixCollectionHeader.h */,
				8758073C194AFACF00D2ECDB /* PrixCollectionHeader.m */,
				87C9535618F2AFEF00793634 /* FacturationSplitViewController.h */,
				87C9535718F2AFEF00793634 /* FacturationSplitViewController.m */,
				87C9534C18F2A22F00793634 /* FacturationTableViewController.h */,
				87C9534D18F2A22F00793634 /* FacturationTableViewController.m */,
				87C9534F18F2A4C300793634 /* FacturationTableViewCell.h */,
				87C9535018F2A4C300793634 /* FacturationTableViewCell.m */,
				3A1BDA6E193CB2BC00066205 /* ReservationViewController.h */,
				3A1BDA6F193CB2BC00066205 /* ReservationViewController.m */,
				87C9535218F2A86700793634 /* FacturationDetailsViewController.h */,
				87C9535318F2A86700793634 /* FacturationDetailsViewController.m */,
				87C9535F18F2F4CB00793634 /* FacturationTableViewLocationCell.h */,
				87C9536018F2F4CB00793634 /* FacturationTableViewLocationCell.m */,
				87C9535518F2AA6800793634 /* FacturationSelectionDelegate.h */,
				87F3EBE618E4688600FF09C2 /* VboatCoreData.xcdatamodeld */,
				870A36BF193F5E5A0018F144 /* Location.h */,
				870A36C0193F5E5A0018F144 /* Location.m */,
				870A36C5193F5EF20018F144 /* LocationPedaloPlaces.h */,
				870A36C6193F5EF20018F144 /* LocationPedaloPlaces.m */,
				870A36BC193F5E5A0018F144 /* Embarcation.h */,
				870A36BD193F5E5A0018F144 /* Embarcation.m */,
				870A36B9193F5E590018F144 /* Bateau.h */,
				870A36BA193F5E590018F144 /* Bateau.m */,
				870A36B6193F5E590018F144 /* Pedalo.h */,
				870A36B7193F5E590018F144 /* Pedalo.m */,
				870A36B3193F5E590018F144 /* PedaloPlaces.h */,
				870A36B4193F5E590018F144 /* PedaloPlaces.m */,
				870A36AA193F5E590018F144 /* Prix.h */,
				870A36AB193F5E590018F144 /* Prix.m */,
				870A36A7193F5E590018F144 /* Paddle.h */,
				870A36A8193F5E590018F144 /* Paddle.m */,
				870A36D4193F724A0018F144 /* TypeBateau.h */,
				870A36D5193F724A0018F144 /* TypeBateau.m */,
				870A36D1193F724A0018F144 /* TypePedaloPlaces.h */,
				870A36D2193F724A0018F144 /* TypePedaloPlaces.m */,
				87DED303194B1B850041FA14 /* Type.h */,
				87DED304194B1B850041FA14 /* Type.m */,
				870A36CE193F724A0018F144 /* TypePedalo.h */,
				870A36CF193F724A0018F144 /* TypePedalo.m */,
				870A36C8193F72490018F144 /* TypePaddle.h */,
				870A36C9193F72490018F144 /* TypePaddle.m */,
				870A36A4193F5E590018F144 /* GrillePrix.h */,
				870A36A5193F5E590018F144 /* GrillePrix.m */,
				873EADB518E96FB10053FB9D /* Facture.h */,
				873EADB618E96FB10053FB9D /* Facture.m */,
				87AD69D818E9674900C9165D /* Paiement.h */,
				87AD69D918E9674900C9165D /* Paiement.m */,
				87AD69E418E9674A00C9165D /* Flotte.h */,
				87AD69E518E9674A00C9165D /* Flotte.m */,
				87AD69E718E9674A00C9165D /* Journee.h */,
				87AD69E818E9674A00C9165D /* Journee.m */,
				87AD69ED18E9674A00C9165D /* Saison.h */,
				87AD69EE18E9674A00C9165D /* Saison.m */,
				3AF254F418E1B5E5004FB853 /* Images.xcassets */,
				3A10D98C18F2A3F300CEF1A9 /* Resources */,
				3A3559051885AC6700C573CE /* Supporting Files */,
			);
			path = VBoatGestion;
			sourceTree = "<group>";
		};
		3A3559051885AC6700C573CE /* Supporting Files */ = {
			isa = PBXGroup;
			children = (
				3A3559061885AC6700C573CE /* VBoatGestion-Info.plist */,
				3A3559071885AC6700C573CE /* InfoPlist.strings */,
				3A35590A1885AC6700C573CE /* main.m */,
				3A35590C1885AC6700C573CE /* VBoatGestion-Prefix.pch */,
			);
			name = "Supporting Files";
			sourceTree = "<group>";
		};
		3A3559231885AC6700C573CE /* VBoatGestionTests */ = {
			isa = PBXGroup;
			children = (
				3A3559291885AC6700C573CE /* VBoatGestionTests.m */,
				3A3559241885AC6700C573CE /* Supporting Files */,
			);
			path = VBoatGestionTests;
			sourceTree = "<group>";
		};
		3A3559241885AC6700C573CE /* Supporting Files */ = {
			isa = PBXGroup;
			children = (
				3A3559251885AC6700C573CE /* VBoatGestionTests-Info.plist */,
			);
			name = "Supporting Files";
			sourceTree = "<group>";
		};
/* End PBXGroup section */

/* Begin PBXNativeTarget section */
		3A3558FA1885AC6700C573CE /* VBoatGestion */ = {
			isa = PBXNativeTarget;
			buildConfigurationList = 3A35592D1885AC6700C573CE /* Build configuration list for PBXNativeTarget "VBoatGestion" */;
			buildPhases = (
				3A3558F71885AC6700C573CE /* Sources */,
				3A3558F81885AC6700C573CE /* Frameworks */,
				3A3558F91885AC6700C573CE /* Resources */,
			);
			buildRules = (
			);
			dependencies = (
			);
			name = VBoatGestion;
			productName = VBoatGestion;
			productReference = 3A3558FB1885AC6700C573CE /* VBoatGestion.app */;
			productType = "com.apple.product-type.application";
		};
		3A35591B1885AC6700C573CE /* VBoatGestionTests */ = {
			isa = PBXNativeTarget;
			buildConfigurationList = 3A3559301885AC6700C573CE /* Build configuration list for PBXNativeTarget "VBoatGestionTests" */;
			buildPhases = (
				3A3559181885AC6700C573CE /* Sources */,
				3A3559191885AC6700C573CE /* Frameworks */,
				3A35591A1885AC6700C573CE /* Resources */,
			);
			buildRules = (
			);
			dependencies = (
				3A3559221885AC6700C573CE /* PBXTargetDependency */,
			);
			name = VBoatGestionTests;
			productName = VBoatGestionTests;
			productReference = 3A35591C1885AC6700C573CE /* VBoatGestionTests.xctest */;
			productType = "com.apple.product-type.bundle.unit-test";
		};
/* End PBXNativeTarget section */

/* Begin PBXProject section */
		3A3558F31885AC6700C573CE /* Project object */ = {
			isa = PBXProject;
			attributes = {
				LastUpgradeCheck = 0500;
				ORGANIZATIONNAME = "V-Boat";
				TargetAttributes = {
					3A35591B1885AC6700C573CE = {
						TestTargetID = 3A3558FA1885AC6700C573CE;
					};
				};
			};
			buildConfigurationList = 3A3558F61885AC6700C573CE /* Build configuration list for PBXProject "VBoatGestion" */;
			compatibilityVersion = "Xcode 3.2";
			developmentRegion = English;
			hasScannedForEncodings = 0;
			knownRegions = (
				en,
				Base,
				fr,
			);
			mainGroup = 3A3558F21885AC6700C573CE;
			productRefGroup = 3A3558FC1885AC6700C573CE /* Products */;
			projectDirPath = "";
			projectRoot = "";
			targets = (
				3A3558FA1885AC6700C573CE /* VBoatGestion */,
				3A35591B1885AC6700C573CE /* VBoatGestionTests */,
			);
		};
/* End PBXProject section */

/* Begin PBXResourcesBuildPhase section */
		3A3558F91885AC6700C573CE /* Resources */ = {
			isa = PBXResourcesBuildPhase;
			buildActionMask = 2147483647;
			files = (
				3AF254F518E1B5E5004FB853 /* Images.xcassets in Resources */,
				3A3559091885AC6700C573CE /* InfoPlist.strings in Resources */,
				3A10D98E18F2A44B00CEF1A9 /* LeagueGothic-Regular.otf in Resources */,
				87E6B4A518F4485B004CCE65 /* Main.storyboard in Resources */,
			);
			runOnlyForDeploymentPostprocessing = 0;
		};
		3A35591A1885AC6700C573CE /* Resources */ = {
			isa = PBXResourcesBuildPhase;
			buildActionMask = 2147483647;
			files = (
				3A10D98F18F2A44B00CEF1A9 /* LeagueGothic-Regular.otf in Resources */,
			);
			runOnlyForDeploymentPostprocessing = 0;
		};
/* End PBXResourcesBuildPhase section */

/* Begin PBXSourcesBuildPhase section */
		3A3558F71885AC6700C573CE /* Sources */ = {
			isa = PBXSourcesBuildPhase;
			buildActionMask = 2147483647;
			files = (
				870A36A2193F251F0018F144 /* PrixCollectionViewCell.m in Sources */,
				87AD69E618E9674A00C9165D /* Flotte.m in Sources */,
				870A36B5193F5E590018F144 /* PedaloPlaces.m in Sources */,
				873EADB718E96FB10053FB9D /* Facture.m in Sources */,
				870A36A9193F5E590018F144 /* Paddle.m in Sources */,
				8794B44018EC4FAC00217F47 /* ActiviteCollectionViewCell.m in Sources */,
				87F3EBE818E4688600FF09C2 /* VboatCoreData.xcdatamodeld in Sources */,
				870A36D6193F724A0018F144 /* TypeBateau.m in Sources */,
				87C9535118F2A4C300793634 /* FacturationTableViewCell.m in Sources */,
				873D4528193DD1E400E64D2A /* FlotteCollectionViewCell.h.m in Sources */,
				3A35590F1885AC6700C573CE /* AppDelegate.m in Sources */,
				870A36BE193F5E5A0018F144 /* Embarcation.m in Sources */,
				8794B44318EC58E700217F47 /* ActiviteModalEmbarcation.m in Sources */,
				870A36D0193F724A0018F144 /* TypePedalo.m in Sources */,
				3A1BDA70193CB2BC00066205 /* ReservationViewController.m in Sources */,
				87AD69DA18E9674900C9165D /* Paiement.m in Sources */,
				8754DAB7194E4EC500119D4B /* AdminViewController.m in Sources */,
				870A36CA193F72490018F144 /* TypePaddle.m in Sources */,
				870A36D3193F724A0018F144 /* TypePedaloPlaces.m in Sources */,
				870A36A6193F5E590018F144 /* GrillePrix.m in Sources */,
				87F2DA051953151200739179 /* ComptaViewController.m in Sources */,
				8758073D194AFACF00D2ECDB /* PrixCollectionHeader.m in Sources */,
				870A36AC193F5E590018F144 /* Prix.m in Sources */,
				873EADC318E9BA790053FB9D /* ActiviteViewController.m in Sources */,
				3A35590B1885AC6700C573CE /* main.m in Sources */,
				870A36A3193F251F0018F144 /* PrixViewController.m in Sources */,
				870A36BB193F5E590018F144 /* Bateau.m in Sources */,
				8754DABD194F9A5300119D4B /* AdminJourneeTableViewCell.m in Sources */,
				873D4529193DD1E400E64D2A /* FlotteModalEmbarcation.m in Sources */,
				87C9536118F2F4CB00793634 /* FacturationTableViewLocationCell.m in Sources */,
				873D452C193DD1F300E64D2A /* FlotteViewController.m in Sources */,
				87C9534E18F2A22F00793634 /* FacturationTableViewController.m in Sources */,
				87AD69E918E9674A00C9165D /* Journee.m in Sources */,
				87C9535818F2AFEF00793634 /* FacturationSplitViewController.m in Sources */,
				87C9535418F2A86700793634 /* FacturationDetailsViewController.m in Sources */,
				870A36C7193F5EF20018F144 /* LocationPedaloPlaces.m in Sources */,
				8754DABA194F9A0500119D4B /* AdminJourneeTableTableViewController.m in Sources */,
				87F2DA081953472C00739179 /* ComptaTableViewCell.m in Sources */,
				87AD69EF18E9674A00C9165D /* Saison.m in Sources */,
				87DED305194B1B850041FA14 /* Type.m in Sources */,
				870A36C1193F5E5A0018F144 /* Location.m in Sources */,
				870A36B8193F5E590018F144 /* Pedalo.m in Sources */,
			);
			runOnlyForDeploymentPostprocessing = 0;
		};
		3A3559181885AC6700C573CE /* Sources */ = {
			isa = PBXSourcesBuildPhase;
			buildActionMask = 2147483647;
			files = (
				3A35592A1885AC6700C573CE /* VBoatGestionTests.m in Sources */,
			);
			runOnlyForDeploymentPostprocessing = 0;
		};
/* End PBXSourcesBuildPhase section */

/* Begin PBXTargetDependency section */
		3A3559221885AC6700C573CE /* PBXTargetDependency */ = {
			isa = PBXTargetDependency;
			target = 3A3558FA1885AC6700C573CE /* VBoatGestion */;
			targetProxy = 3A3559211885AC6700C573CE /* PBXContainerItemProxy */;
		};
/* End PBXTargetDependency section */

/* Begin PBXVariantGroup section */
		3A3559071885AC6700C573CE /* InfoPlist.strings */ = {
			isa = PBXVariantGroup;
			children = (
				873D4523193DC79300E64D2A /* en */,
			);
			name = InfoPlist.strings;
			sourceTree = "<group>";
		};
		87E6B4A318F4485B004CCE65 /* Main.storyboard */ = {
			isa = PBXVariantGroup;
			children = (
				873D4522193DC79300E64D2A /* en */,
			);
			name = Main.storyboard;
			sourceTree = "<group>";
		};
/* End PBXVariantGroup section */

/* Begin XCBuildConfiguration section */
		3A35592B1885AC6700C573CE /* Debug */ = {
			isa = XCBuildConfiguration;
			buildSettings = {
				ALWAYS_SEARCH_USER_PATHS = NO;
				ARCHS = "$(ARCHS_STANDARD_INCLUDING_64_BIT)";
				CLANG_CXX_LANGUAGE_STANDARD = "gnu++0x";
				CLANG_CXX_LIBRARY = "libc++";
				CLANG_ENABLE_MODULES = YES;
				CLANG_ENABLE_OBJC_ARC = YES;
				CLANG_WARN_BOOL_CONVERSION = YES;
				CLANG_WARN_CONSTANT_CONVERSION = YES;
				CLANG_WARN_DIRECT_OBJC_ISA_USAGE = YES_ERROR;
				CLANG_WARN_EMPTY_BODY = YES;
				CLANG_WARN_ENUM_CONVERSION = YES;
				CLANG_WARN_INT_CONVERSION = YES;
				CLANG_WARN_OBJC_ROOT_CLASS = YES_ERROR;
				CLANG_WARN__DUPLICATE_METHOD_MATCH = YES;
				CODE_SIGN_IDENTITY = "-";
				"CODE_SIGN_IDENTITY[sdk=iphoneos*]" = "-";
				COPY_PHASE_STRIP = NO;
				GCC_C_LANGUAGE_STANDARD = gnu99;
				GCC_DYNAMIC_NO_PIC = NO;
				GCC_OPTIMIZATION_LEVEL = 0;
				GCC_PREPROCESSOR_DEFINITIONS = (
					"DEBUG=1",
					"$(inherited)",
				);
				GCC_SYMBOLS_PRIVATE_EXTERN = NO;
				GCC_WARN_64_TO_32_BIT_CONVERSION = YES;
				GCC_WARN_ABOUT_RETURN_TYPE = YES_ERROR;
				GCC_WARN_UNDECLARED_SELECTOR = YES;
				GCC_WARN_UNINITIALIZED_AUTOS = YES;
				GCC_WARN_UNUSED_FUNCTION = YES;
				GCC_WARN_UNUSED_VARIABLE = YES;
				IPHONEOS_DEPLOYMENT_TARGET = 7.0;
				ONLY_ACTIVE_ARCH = YES;
				SDKROOT = iphoneos;
				TARGETED_DEVICE_FAMILY = 2;
			};
			name = Debug;
		};
		3A35592C1885AC6700C573CE /* Release */ = {
			isa = XCBuildConfiguration;
			buildSettings = {
				ALWAYS_SEARCH_USER_PATHS = NO;
				ARCHS = "$(ARCHS_STANDARD_INCLUDING_64_BIT)";
				CLANG_CXX_LANGUAGE_STANDARD = "gnu++0x";
				CLANG_CXX_LIBRARY = "libc++";
				CLANG_ENABLE_MODULES = YES;
				CLANG_ENABLE_OBJC_ARC = YES;
				CLANG_WARN_BOOL_CONVERSION = YES;
				CLANG_WARN_CONSTANT_CONVERSION = YES;
				CLANG_WARN_DIRECT_OBJC_ISA_USAGE = YES_ERROR;
				CLANG_WARN_EMPTY_BODY = YES;
				CLANG_WARN_ENUM_CONVERSION = YES;
				CLANG_WARN_INT_CONVERSION = YES;
				CLANG_WARN_OBJC_ROOT_CLASS = YES_ERROR;
				CLANG_WARN__DUPLICATE_METHOD_MATCH = YES;
				CODE_SIGN_IDENTITY = "-";
				"CODE_SIGN_IDENTITY[sdk=iphoneos*]" = "-";
				COPY_PHASE_STRIP = YES;
				ENABLE_NS_ASSERTIONS = NO;
				GCC_C_LANGUAGE_STANDARD = gnu99;
				GCC_WARN_64_TO_32_BIT_CONVERSION = YES;
				GCC_WARN_ABOUT_RETURN_TYPE = YES_ERROR;
				GCC_WARN_UNDECLARED_SELECTOR = YES;
				GCC_WARN_UNINITIALIZED_AUTOS = YES;
				GCC_WARN_UNUSED_FUNCTION = YES;
				GCC_WARN_UNUSED_VARIABLE = YES;
				IPHONEOS_DEPLOYMENT_TARGET = 7.0;
				SDKROOT = iphoneos;
				TARGETED_DEVICE_FAMILY = 2;
				VALIDATE_PRODUCT = YES;
			};
			name = Release;
		};
		3A35592E1885AC6700C573CE /* Debug */ = {
			isa = XCBuildConfiguration;
			buildSettings = {
				ASSETCATALOG_COMPILER_APPICON_NAME = AppIcon;
				ASSETCATALOG_COMPILER_LAUNCHIMAGE_NAME = LaunchImage;
				GCC_PRECOMPILE_PREFIX_HEADER = YES;
				GCC_PREFIX_HEADER = "VBoatGestion/VBoatGestion-Prefix.pch";
				INFOPLIST_FILE = "VBoatGestion/VBoatGestion-Info.plist";
				PRODUCT_NAME = "$(TARGET_NAME)";
				WRAPPER_EXTENSION = app;
			};
			name = Debug;
		};
		3A35592F1885AC6700C573CE /* Release */ = {
			isa = XCBuildConfiguration;
			buildSettings = {
				ASSETCATALOG_COMPILER_APPICON_NAME = AppIcon;
				ASSETCATALOG_COMPILER_LAUNCHIMAGE_NAME = LaunchImage;
				GCC_PRECOMPILE_PREFIX_HEADER = YES;
				GCC_PREFIX_HEADER = "VBoatGestion/VBoatGestion-Prefix.pch";
				INFOPLIST_FILE = "VBoatGestion/VBoatGestion-Info.plist";
				PRODUCT_NAME = "$(TARGET_NAME)";
				WRAPPER_EXTENSION = app;
			};
			name = Release;
		};
		3A3559311885AC6700C573CE /* Debug */ = {
			isa = XCBuildConfiguration;
			buildSettings = {
				ARCHS = "$(ARCHS_STANDARD_INCLUDING_64_BIT)";
				BUNDLE_LOADER = "$(BUILT_PRODUCTS_DIR)/VBoatGestion.app/VBoatGestion";
				FRAMEWORK_SEARCH_PATHS = (
					"$(SDKROOT)/Developer/Library/Frameworks",
					"$(inherited)",
					"$(DEVELOPER_FRAMEWORKS_DIR)",
				);
				GCC_PRECOMPILE_PREFIX_HEADER = YES;
				GCC_PREFIX_HEADER = "VBoatGestion/VBoatGestion-Prefix.pch";
				GCC_PREPROCESSOR_DEFINITIONS = (
					"DEBUG=1",
					"$(inherited)",
				);
				INFOPLIST_FILE = "VBoatGestionTests/VBoatGestionTests-Info.plist";
				PRODUCT_NAME = "$(TARGET_NAME)";
				TEST_HOST = "$(BUNDLE_LOADER)";
				WRAPPER_EXTENSION = xctest;
			};
			name = Debug;
		};
		3A3559321885AC6700C573CE /* Release */ = {
			isa = XCBuildConfiguration;
			buildSettings = {
				ARCHS = "$(ARCHS_STANDARD_INCLUDING_64_BIT)";
				BUNDLE_LOADER = "$(BUILT_PRODUCTS_DIR)/VBoatGestion.app/VBoatGestion";
				FRAMEWORK_SEARCH_PATHS = (
					"$(SDKROOT)/Developer/Library/Frameworks",
					"$(inherited)",
					"$(DEVELOPER_FRAMEWORKS_DIR)",
				);
				GCC_PRECOMPILE_PREFIX_HEADER = YES;
				GCC_PREFIX_HEADER = "VBoatGestion/VBoatGestion-Prefix.pch";
				INFOPLIST_FILE = "VBoatGestionTests/VBoatGestionTests-Info.plist";
				PRODUCT_NAME = "$(TARGET_NAME)";
				TEST_HOST = "$(BUNDLE_LOADER)";
				WRAPPER_EXTENSION = xctest;
			};
			name = Release;
		};
/* End XCBuildConfiguration section */

/* Begin XCConfigurationList section */
		3A3558F61885AC6700C573CE /* Build configuration list for PBXProject "VBoatGestion" */ = {
			isa = XCConfigurationList;
			buildConfigurations = (
				3A35592B1885AC6700C573CE /* Debug */,
				3A35592C1885AC6700C573CE /* Release */,
			);
			defaultConfigurationIsVisible = 0;
			defaultConfigurationName = Release;
		};
		3A35592D1885AC6700C573CE /* Build configuration list for PBXNativeTarget "VBoatGestion" */ = {
			isa = XCConfigurationList;
			buildConfigurations = (
				3A35592E1885AC6700C573CE /* Debug */,
				3A35592F1885AC6700C573CE /* Release */,
			);
			defaultConfigurationIsVisible = 0;
			defaultConfigurationName = Release;
		};
		3A3559301885AC6700C573CE /* Build configuration list for PBXNativeTarget "VBoatGestionTests" */ = {
			isa = XCConfigurationList;
			buildConfigurations = (
				3A3559311885AC6700C573CE /* Debug */,
				3A3559321885AC6700C573CE /* Release */,
			);
			defaultConfigurationIsVisible = 0;
			defaultConfigurationName = Release;
		};
/* End XCConfigurationList section */

/* Begin XCVersionGroup section */
		87F3EBE618E4688600FF09C2 /* VboatCoreData.xcdatamodeld */ = {
			isa = XCVersionGroup;
			children = (
				87F3EBE718E4688600FF09C2 /* VboatCoreData.xcdatamodel */,
			);
			currentVersion = 87F3EBE718E4688600FF09C2 /* VboatCoreData.xcdatamodel */;
			path = VboatCoreData.xcdatamodeld;
			sourceTree = "<group>";
			versionGroupType = wrapper.xcdatamodel;
		};
/* End XCVersionGroup section */
	};
	rootObject = 3A3558F31885AC6700C573CE /* Project object */;
}
